
Microsoft Visual Studio Solution File, Format Version 12.00
# Visual Studio Version 16
VisualStudioVersion = 16.0.29911.84
MinimumVisualStudioVersion = 10.0.40219.1
Project("{FAE04EC0-301F-11D3-BF4B-00C04F79EFBC}") = "AppiEnfermedades", "AppiEnfermedades.csproj", "{BB70F538-8A6A-45CB-A0C6-DAE9CC538803}"
EndProject
Project("{FAE04EC0-301F-11D3-BF4B-00C04F79EFBC}") = "PruebasEnfermedades", "..\PruebasEnfermedades\PruebasEnfermedades.csproj", "{741D81C3-CB04-48AF-9FEE-014F6011F912}"
EndProject
Global
	GlobalSection(SolutionConfigurationPlatforms) = preSolution
		Debug|Any CPU = Debug|Any CPU
		Release|Any CPU = Release|Any CPU
	EndGlobalSection
	GlobalSection(ProjectConfigurationPlatforms) = postSolution
		{BB70F538-8A6A-45CB-A0C6-DAE9CC538803}.Debug|Any CPU.ActiveCfg = Debug|Any CPU
		{BB70F538-8A6A-45CB-A0C6-DAE9CC538803}.Debug|Any CPU.Build.0 = Debug|Any CPU
		{BB70F538-8A6A-45CB-A0C6-DAE9CC538803}.Release|Any CPU.ActiveCfg = Release|Any CPU
		{BB70F538-8A6A-45CB-A0C6-DAE9CC538803}.Release|Any CPU.Build.0 = Release|Any CPU
		{741D81C3-CB04-48AF-9FEE-014F6011F912}.Debug|Any CPU.ActiveCfg = Debug|Any CPU
		{741D81C3-CB04-48AF-9FEE-014F6011F912}.Debug|Any CPU.Build.0 = Debug|Any CPU
		{741D81C3-CB04-48AF-9FEE-014F6011F912}.Release|Any CPU.ActiveCfg = Release|Any CPU
		{741D81C3-CB04-48AF-9FEE-014F6011F912}.Release|Any CPU.Build.0 = Release|Any CPU
	EndGlobalSection
	GlobalSection(SolutionProperties) = preSolution
		HideSolutionNode = FALSE
	EndGlobalSection
	GlobalSection(ExtensibilityGlobals) = postSolution
		SolutionGuid = {7455D3B8-2C1F-4ADD-820F-2C5AF6B93F35}
	EndGlobalSection
EndGlobal
